
Microsoft Visual Studio Solution File, Format Version 12.00
Project("{FAE04EC0-301F-11D3-BF4B-00C04F79EFBC}") = "acidphantasm-enablelabyrinth", "acidphantasm-enablelabyrinth.csproj", "{612676D7-233C-4DED-9A77-9058B62FDE39}"
EndProject
Global
	GlobalSection(SolutionConfigurationPlatforms) = preSolution
		Debug|Any CPU = Debug|Any CPU
		Release|Any CPU = Release|Any CPU
	EndGlobalSection
	GlobalSection(ProjectConfigurationPlatforms) = postSolution
		{612676D7-233C-4DED-9A77-9058B62FDE39}.Debug|Any CPU.ActiveCfg = Debug|Any CPU
		{612676D7-233C-4DED-9A77-9058B62FDE39}.Debug|Any CPU.Build.0 = Debug|Any CPU
		{612676D7-233C-4DED-9A77-9058B62FDE39}.Release|Any CPU.ActiveCfg = Release|Any CPU
		{612676D7-233C-4DED-9A77-9058B62FDE39}.Release|Any CPU.Build.0 = Release|Any CPU
	EndGlobalSection
EndGlobal
